
Microsoft Visual Studio Solution File, Format Version 12.00
# Visual Studio Version 16
VisualStudioVersion = 16.0.33529.622
MinimumVisualStudioVersion = 10.0.40219.1
Project("{9A19103F-16F7-4668-BE54-9A1E7A4F7556}") = "MqttCoreService", "MqttCoreService\MqttCoreService.csproj", "{9E57A907-0493-46E8-8820-74D874AE4D00}"
EndProject
Global
	GlobalSection(SolutionConfigurationPlatforms) = preSolution
		Debug|Any CPU = Debug|Any CPU
		Debug|TwinCAT HMI = Debug|TwinCAT HMI
		Release|Any CPU = Release|Any CPU
		Release|TwinCAT HMI = Release|TwinCAT HMI
	EndGlobalSection
	GlobalSection(ProjectConfigurationPlatforms) = postSolution
		{9E57A907-0493-46E8-8820-74D874AE4D00}.Debug|Any CPU.ActiveCfg = Debug|Any CPU
		{9E57A907-0493-46E8-8820-74D874AE4D00}.Debug|Any CPU.Build.0 = Debug|Any CPU
		{9E57A907-0493-46E8-8820-74D874AE4D00}.Debug|TwinCAT HMI.ActiveCfg = Debug|Any CPU
		{9E57A907-0493-46E8-8820-74D874AE4D00}.Debug|TwinCAT HMI.Build.0 = Debug|Any CPU
		{9E57A907-0493-46E8-8820-74D874AE4D00}.Release|Any CPU.ActiveCfg = Release|Any CPU
		{9E57A907-0493-46E8-8820-74D874AE4D00}.Release|Any CPU.Build.0 = Release|Any CPU
		{9E57A907-0493-46E8-8820-74D874AE4D00}.Release|TwinCAT HMI.ActiveCfg = Release|Any CPU
		{9E57A907-0493-46E8-8820-74D874AE4D00}.Release|TwinCAT HMI.Build.0 = Release|Any CPU
	EndGlobalSection
	GlobalSection(SolutionProperties) = preSolution
		HideSolutionNode = FALSE
	EndGlobalSection
	GlobalSection(ExtensibilityGlobals) = postSolution
		SolutionGuid = {AB06E857-99EE-4A32-8D30-FA4DE333BB6C}
	EndGlobalSection
EndGlobal
